
Microsoft Visual Studio Solution File, Format Version 12.00
# Visual Studio Version 17
VisualStudioVersion = 17.7.34009.444
MinimumVisualStudioVersion = 10.0.40219.1
Project("{9A19103F-16F7-4668-BE54-9A1E7A4F7556}") = "JsonApiExample", "JsonApiExample\JsonApiExample.csproj", "{ED4322F2-4134-44B5-80B9-473B049DF72D}"
EndProject
Project("{2150E333-8FDC-42A3-9474-1A3956D46DE8}") = "Solution Items", "Solution Items", "{3993F308-FA03-4172-8AE4-301AC0D91F04}"
	ProjectSection(SolutionItems) = preProject
		.editorconfig = .editorconfig
	EndProjectSection
EndProject
Global
	GlobalSection(SolutionConfigurationPlatforms) = preSolution
		Debug|Any CPU = Debug|Any CPU
		Release|Any CPU = Release|Any CPU
	EndGlobalSection
	GlobalSection(ProjectConfigurationPlatforms) = postSolution
		{ED4322F2-4134-44B5-80B9-473B049DF72D}.Debug|Any CPU.ActiveCfg = Debug|Any CPU
		{ED4322F2-4134-44B5-80B9-473B049DF72D}.Debug|Any CPU.Build.0 = Debug|Any CPU
		{ED4322F2-4134-44B5-80B9-473B049DF72D}.Release|Any CPU.ActiveCfg = Release|Any CPU
		{ED4322F2-4134-44B5-80B9-473B049DF72D}.Release|Any CPU.Build.0 = Release|Any CPU
	EndGlobalSection
	GlobalSection(SolutionProperties) = preSolution
		HideSolutionNode = FALSE
	EndGlobalSection
	GlobalSection(ExtensibilityGlobals) = postSolution
		SolutionGuid = {8BE8BCC6-6478-4CA0-988C-97A0D4F94723}
	EndGlobalSection
EndGlobal
